
Microsoft Visual Studio Solution File, Format Version 12.00
# Visual Studio 14
VisualStudioVersion = 14.0.23107.0
MinimumVisualStudioVersion = 10.0.40219.1
Project("{FAE04EC0-301F-11D3-BF4B-00C04F79EFBC}") = "Castle.Sharp2Js", "Castle.Sharp2JS\Castle.Sharp2Js.csproj", "{C9CCB675-668D-48FF-AD47-7E2D9EDA49E1}"
EndProject
Project("{FAE04EC0-301F-11D3-BF4B-00C04F79EFBC}") = "Castle.Sharp2Js.Tests", "Castle.Sharp2Js.Tests\Castle.Sharp2Js.Tests.csproj", "{4AAA79D7-3E32-4D99-B941-B75F30AAE5AE}"
EndProject
Global
	GlobalSection(SolutionConfigurationPlatforms) = preSolution
		Debug|Any CPU = Debug|Any CPU
		Release|Any CPU = Release|Any CPU
	EndGlobalSection
	GlobalSection(ProjectConfigurationPlatforms) = postSolution
		{C9CCB675-668D-48FF-AD47-7E2D9EDA49E1}.Debug|Any CPU.ActiveCfg = Debug|Any CPU
		{C9CCB675-668D-48FF-AD47-7E2D9EDA49E1}.Debug|Any CPU.Build.0 = Debug|Any CPU
		{C9CCB675-668D-48FF-AD47-7E2D9EDA49E1}.Release|Any CPU.ActiveCfg = Release|Any CPU
		{C9CCB675-668D-48FF-AD47-7E2D9EDA49E1}.Release|Any CPU.Build.0 = Release|Any CPU
		{4AAA79D7-3E32-4D99-B941-B75F30AAE5AE}.Debug|Any CPU.ActiveCfg = Debug|Any CPU
		{4AAA79D7-3E32-4D99-B941-B75F30AAE5AE}.Debug|Any CPU.Build.0 = Debug|Any CPU
		{4AAA79D7-3E32-4D99-B941-B75F30AAE5AE}.Release|Any CPU.ActiveCfg = Release|Any CPU
		{4AAA79D7-3E32-4D99-B941-B75F30AAE5AE}.Release|Any CPU.Build.0 = Release|Any CPU
	EndGlobalSection
	GlobalSection(SolutionProperties) = preSolution
		HideSolutionNode = FALSE
	EndGlobalSection
EndGlobal
